
Microsoft Visual Studio Solution File, Format Version 12.00
# Visual Studio 15
VisualStudioVersion = 15.0.27428.2043
MinimumVisualStudioVersion = 10.0.40219.1
Project("{FAE04EC0-301F-11D3-BF4B-00C04F79EFBC}") = "ExemploWebAPI", "ExemploWebAPI\ExemploWebAPI.csproj", "{DD7128BE-C6B3-4982-9845-001B115224A1}"
EndProject
Global
	GlobalSection(SolutionConfigurationPlatforms) = preSolution
		Debug|Any CPU = Debug|Any CPU
		Release|Any CPU = Release|Any CPU
	EndGlobalSection
	GlobalSection(ProjectConfigurationPlatforms) = postSolution
		{DD7128BE-C6B3-4982-9845-001B115224A1}.Debug|Any CPU.ActiveCfg = Debug|Any CPU
		{DD7128BE-C6B3-4982-9845-001B115224A1}.Debug|Any CPU.Build.0 = Debug|Any CPU
		{DD7128BE-C6B3-4982-9845-001B115224A1}.Release|Any CPU.ActiveCfg = Release|Any CPU
		{DD7128BE-C6B3-4982-9845-001B115224A1}.Release|Any CPU.Build.0 = Release|Any CPU
	EndGlobalSection
	GlobalSection(SolutionProperties) = preSolution
		HideSolutionNode = FALSE
	EndGlobalSection
	GlobalSection(ExtensibilityGlobals) = postSolution
		SolutionGuid = {F65D61E1-C53D-4A31-827F-5BDCBC42632E}
	EndGlobalSection
EndGlobal
